
Microsoft Visual Studio Solution File, Format Version 12.00
# Visual Studio Version 16
VisualStudioVersion = 16.0.30011.22
MinimumVisualStudioVersion = 10.0.40219.1
Project("{FAE04EC0-301F-11D3-BF4B-00C04F79EFBC}") = "Practica2e1", "practica2e1\Practica2e1.csproj", "{D7FA11DC-A6A0-4135-968E-6F03E1878BA2}"
EndProject
Project("{FAE04EC0-301F-11D3-BF4B-00C04F79EFBC}") = "Practica2e2", "Practica2e2\Practica2e2.csproj", "{9B98088C-E77E-4331-83CE-09716A39D54E}"
EndProject
Project("{FAE04EC0-301F-11D3-BF4B-00C04F79EFBC}") = "Practica2e3", "Practica2e3\Practica2e3.csproj", "{3F9981FF-92ED-4896-8604-ABEC29B2DAC1}"
EndProject
Project("{FAE04EC0-301F-11D3-BF4B-00C04F79EFBC}") = "Practica2e4", "Practica2e4\Practica2e4.csproj", "{86AC0E9B-B7BA-4480-A3DB-07027BCBC153}"
EndProject
Project("{FAE04EC0-301F-11D3-BF4B-00C04F79EFBC}") = "Practica2e5", "Practica2e5\Practica2e5.csproj", "{D9175543-FFC2-44E9-A3B2-AAA2C45A801B}"
EndProject
Global
	GlobalSection(SolutionConfigurationPlatforms) = preSolution
		Debug|Any CPU = Debug|Any CPU
		Release|Any CPU = Release|Any CPU
	EndGlobalSection
	GlobalSection(ProjectConfigurationPlatforms) = postSolution
		{D7FA11DC-A6A0-4135-968E-6F03E1878BA2}.Debug|Any CPU.ActiveCfg = Debug|Any CPU
		{D7FA11DC-A6A0-4135-968E-6F03E1878BA2}.Debug|Any CPU.Build.0 = Debug|Any CPU
		{D7FA11DC-A6A0-4135-968E-6F03E1878BA2}.Release|Any CPU.ActiveCfg = Release|Any CPU
		{D7FA11DC-A6A0-4135-968E-6F03E1878BA2}.Release|Any CPU.Build.0 = Release|Any CPU
		{9B98088C-E77E-4331-83CE-09716A39D54E}.Debug|Any CPU.ActiveCfg = Debug|Any CPU
		{9B98088C-E77E-4331-83CE-09716A39D54E}.Debug|Any CPU.Build.0 = Debug|Any CPU
		{9B98088C-E77E-4331-83CE-09716A39D54E}.Release|Any CPU.ActiveCfg = Release|Any CPU
		{9B98088C-E77E-4331-83CE-09716A39D54E}.Release|Any CPU.Build.0 = Release|Any CPU
		{3F9981FF-92ED-4896-8604-ABEC29B2DAC1}.Debug|Any CPU.ActiveCfg = Debug|Any CPU
		{3F9981FF-92ED-4896-8604-ABEC29B2DAC1}.Debug|Any CPU.Build.0 = Debug|Any CPU
		{3F9981FF-92ED-4896-8604-ABEC29B2DAC1}.Release|Any CPU.ActiveCfg = Release|Any CPU
		{3F9981FF-92ED-4896-8604-ABEC29B2DAC1}.Release|Any CPU.Build.0 = Release|Any CPU
		{86AC0E9B-B7BA-4480-A3DB-07027BCBC153}.Debug|Any CPU.ActiveCfg = Debug|Any CPU
		{86AC0E9B-B7BA-4480-A3DB-07027BCBC153}.Debug|Any CPU.Build.0 = Debug|Any CPU
		{86AC0E9B-B7BA-4480-A3DB-07027BCBC153}.Release|Any CPU.ActiveCfg = Release|Any CPU
		{86AC0E9B-B7BA-4480-A3DB-07027BCBC153}.Release|Any CPU.Build.0 = Release|Any CPU
		{D9175543-FFC2-44E9-A3B2-AAA2C45A801B}.Debug|Any CPU.ActiveCfg = Debug|Any CPU
		{D9175543-FFC2-44E9-A3B2-AAA2C45A801B}.Debug|Any CPU.Build.0 = Debug|Any CPU
		{D9175543-FFC2-44E9-A3B2-AAA2C45A801B}.Release|Any CPU.ActiveCfg = Release|Any CPU
		{D9175543-FFC2-44E9-A3B2-AAA2C45A801B}.Release|Any CPU.Build.0 = Release|Any CPU
	EndGlobalSection
	GlobalSection(SolutionProperties) = preSolution
		HideSolutionNode = FALSE
	EndGlobalSection
	GlobalSection(ExtensibilityGlobals) = postSolution
		SolutionGuid = {E248F440-9029-43B4-A2EF-B3AC53056F6B}
	EndGlobalSection
EndGlobal
